
Microsoft Visual Studio Solution File, Format Version 12.00
# Visual Studio Version 17
VisualStudioVersion = 17.1.32328.378
MinimumVisualStudioVersion = 10.0.40219.1
Project("{9A19103F-16F7-4668-BE54-9A1E7A4F7556}") = "Users.Api", "Users.Api\Users.Api.csproj", "{12077A43-627C-4A65-BD69-C4937BDE31A9}"
EndProject
Project("{9A19103F-16F7-4668-BE54-9A1E7A4F7556}") = "Users.Domain", "Users.Models\Users.Domain.csproj", "{EFD54142-F8A8-49D1-A844-9403D7F2E7D7}"
EndProject
Project("{9A19103F-16F7-4668-BE54-9A1E7A4F7556}") = "Users.Infrastucture.Storeage", "Users.Infrastucture.Storeage\Users.Infrastucture.Storeage.csproj", "{C18214F2-5700-4A37-B7A3-35D14A20C506}"
EndProject
Project("{2150E333-8FDC-42A3-9474-1A3956D46DE8}") = "Tests", "Tests", "{46951FD1-D266-4066-8A44-395A0F68932E}"
EndProject
Project("{2150E333-8FDC-42A3-9474-1A3956D46DE8}") = "Api", "Api", "{02014353-608B-4080-BA15-8778DA9AC7B7}"
EndProject
Project("{2150E333-8FDC-42A3-9474-1A3956D46DE8}") = "Presentation", "Presentation", "{8A35073C-DD25-41DC-9B90-6220B567D3AB}"
EndProject
Project("{9A19103F-16F7-4668-BE54-9A1E7A4F7556}") = "Users.Tests", "Users.Tests\Users.Tests.csproj", "{A600D62D-2B1C-4B05-90FD-15C5B5876FF0}"
EndProject
Project("{9A19103F-16F7-4668-BE54-9A1E7A4F7556}") = "Users.Application", "Users.Application\Users.Application.csproj", "{3C4CD223-2CDD-4A8A-8330-E1F730C020F3}"
EndProject
Project("{9A19103F-16F7-4668-BE54-9A1E7A4F7556}") = "Users.Repositories", "Users.Repositories\Users.Repositories.csproj", "{D40178B5-5A6D-415F-A19D-BECDF893F4BB}"
EndProject
Project("{9A19103F-16F7-4668-BE54-9A1E7A4F7556}") = "Users.Services", "Users.Services\Users.Services.csproj", "{F9E8FC05-E340-418A-9856-9A8B617643A1}"
EndProject
Project("{FAE04EC0-301F-11D3-BF4B-00C04F79EFBC}") = "Users.App", "Users.App\Users.App.csproj", "{7C9C8297-94AF-4E97-A98C-FF2C44ADCF4F}"
EndProject
Global
	GlobalSection(SolutionConfigurationPlatforms) = preSolution
		Debug|Any CPU = Debug|Any CPU
		Release|Any CPU = Release|Any CPU
	EndGlobalSection
	GlobalSection(ProjectConfigurationPlatforms) = postSolution
		{12077A43-627C-4A65-BD69-C4937BDE31A9}.Debug|Any CPU.ActiveCfg = Debug|Any CPU
		{12077A43-627C-4A65-BD69-C4937BDE31A9}.Debug|Any CPU.Build.0 = Debug|Any CPU
		{12077A43-627C-4A65-BD69-C4937BDE31A9}.Release|Any CPU.ActiveCfg = Release|Any CPU
		{12077A43-627C-4A65-BD69-C4937BDE31A9}.Release|Any CPU.Build.0 = Release|Any CPU
		{EFD54142-F8A8-49D1-A844-9403D7F2E7D7}.Debug|Any CPU.ActiveCfg = Debug|Any CPU
		{EFD54142-F8A8-49D1-A844-9403D7F2E7D7}.Debug|Any CPU.Build.0 = Debug|Any CPU
		{EFD54142-F8A8-49D1-A844-9403D7F2E7D7}.Release|Any CPU.ActiveCfg = Release|Any CPU
		{EFD54142-F8A8-49D1-A844-9403D7F2E7D7}.Release|Any CPU.Build.0 = Release|Any CPU
		{C18214F2-5700-4A37-B7A3-35D14A20C506}.Debug|Any CPU.ActiveCfg = Debug|Any CPU
		{C18214F2-5700-4A37-B7A3-35D14A20C506}.Debug|Any CPU.Build.0 = Debug|Any CPU
		{C18214F2-5700-4A37-B7A3-35D14A20C506}.Release|Any CPU.ActiveCfg = Release|Any CPU
		{C18214F2-5700-4A37-B7A3-35D14A20C506}.Release|Any CPU.Build.0 = Release|Any CPU
		{A600D62D-2B1C-4B05-90FD-15C5B5876FF0}.Debug|Any CPU.ActiveCfg = Debug|Any CPU
		{A600D62D-2B1C-4B05-90FD-15C5B5876FF0}.Debug|Any CPU.Build.0 = Debug|Any CPU
		{A600D62D-2B1C-4B05-90FD-15C5B5876FF0}.Release|Any CPU.ActiveCfg = Release|Any CPU
		{A600D62D-2B1C-4B05-90FD-15C5B5876FF0}.Release|Any CPU.Build.0 = Release|Any CPU
		{3C4CD223-2CDD-4A8A-8330-E1F730C020F3}.Debug|Any CPU.ActiveCfg = Debug|Any CPU
		{3C4CD223-2CDD-4A8A-8330-E1F730C020F3}.Debug|Any CPU.Build.0 = Debug|Any CPU
		{3C4CD223-2CDD-4A8A-8330-E1F730C020F3}.Release|Any CPU.ActiveCfg = Release|Any CPU
		{3C4CD223-2CDD-4A8A-8330-E1F730C020F3}.Release|Any CPU.Build.0 = Release|Any CPU
		{D40178B5-5A6D-415F-A19D-BECDF893F4BB}.Debug|Any CPU.ActiveCfg = Debug|Any CPU
		{D40178B5-5A6D-415F-A19D-BECDF893F4BB}.Debug|Any CPU.Build.0 = Debug|Any CPU
		{D40178B5-5A6D-415F-A19D-BECDF893F4BB}.Release|Any CPU.ActiveCfg = Release|Any CPU
		{D40178B5-5A6D-415F-A19D-BECDF893F4BB}.Release|Any CPU.Build.0 = Release|Any CPU
		{F9E8FC05-E340-418A-9856-9A8B617643A1}.Debug|Any CPU.ActiveCfg = Debug|Any CPU
		{F9E8FC05-E340-418A-9856-9A8B617643A1}.Debug|Any CPU.Build.0 = Debug|Any CPU
		{F9E8FC05-E340-418A-9856-9A8B617643A1}.Release|Any CPU.ActiveCfg = Release|Any CPU
		{F9E8FC05-E340-418A-9856-9A8B617643A1}.Release|Any CPU.Build.0 = Release|Any CPU
		{7C9C8297-94AF-4E97-A98C-FF2C44ADCF4F}.Debug|Any CPU.ActiveCfg = Debug|Any CPU
		{7C9C8297-94AF-4E97-A98C-FF2C44ADCF4F}.Debug|Any CPU.Build.0 = Debug|Any CPU
		{7C9C8297-94AF-4E97-A98C-FF2C44ADCF4F}.Release|Any CPU.ActiveCfg = Release|Any CPU
		{7C9C8297-94AF-4E97-A98C-FF2C44ADCF4F}.Release|Any CPU.Build.0 = Release|Any CPU
	EndGlobalSection
	GlobalSection(SolutionProperties) = preSolution
		HideSolutionNode = FALSE
	EndGlobalSection
	GlobalSection(NestedProjects) = preSolution
		{12077A43-627C-4A65-BD69-C4937BDE31A9} = {02014353-608B-4080-BA15-8778DA9AC7B7}
		{EFD54142-F8A8-49D1-A844-9403D7F2E7D7} = {02014353-608B-4080-BA15-8778DA9AC7B7}
		{C18214F2-5700-4A37-B7A3-35D14A20C506} = {02014353-608B-4080-BA15-8778DA9AC7B7}
		{A600D62D-2B1C-4B05-90FD-15C5B5876FF0} = {46951FD1-D266-4066-8A44-395A0F68932E}
		{3C4CD223-2CDD-4A8A-8330-E1F730C020F3} = {02014353-608B-4080-BA15-8778DA9AC7B7}
		{D40178B5-5A6D-415F-A19D-BECDF893F4BB} = {02014353-608B-4080-BA15-8778DA9AC7B7}
		{F9E8FC05-E340-418A-9856-9A8B617643A1} = {02014353-608B-4080-BA15-8778DA9AC7B7}
		{7C9C8297-94AF-4E97-A98C-FF2C44ADCF4F} = {8A35073C-DD25-41DC-9B90-6220B567D3AB}
	EndGlobalSection
	GlobalSection(ExtensibilityGlobals) = postSolution
		SolutionGuid = {0BB03116-399B-454A-864B-D489BC6FCB42}
	EndGlobalSection
EndGlobal
